# This file is autogenerated, do not edit; changes may be undone by the next 'dep ensure'.


[[projects]]
  name = "github.com/davecgh/go-spew"
  packages = ["spew"]
  revision = "8991bc29aa16c548c550c7ff78260e27b9ab7c73"
  version = "v1.1.1"

[[projects]]
  name = "github.com/go-sql-driver/mysql"
  packages = ["."]
  revision = "d523deb1b23d913de5bdada721a6071e71283618"
  version = "v1.4.0"

[[projects]]
  name = "github.com/kelseyhightower/envconfig"
  packages = ["."]
  revision = "f611eb38b3875cc3bd991ca91c51d06446afa14c"
  version = "v1.3.0"

[[projects]]
  name = "github.com/naoina/go-stringutil"
  packages = ["."]
  revision = "6b638e95a32d0c1131db0e7fe83775cbea4a0d0b"
  version = "v0.1.0"

[[projects]]
  name = "github.com/naoina/toml"
  packages = [
    ".",
    "ast"
  ]
  revision = "e6f5723bf2a66af014955e0888881314cf294129"
  version = "v0.1.1"

[[projects]]
  name = "github.com/pmezard/go-difflib"
  packages = ["difflib"]
  revision = "792786c7400a136282c1664665ae0a8db921c6c2"
  version = "v1.0.0"

[[projects]]
  name = "github.com/rs/cors"
  packages = ["."]
  revision = "3fb1b69b103a84de38a19c3c6ec073dd6caa4d3f"
  version = "v1.5.0"

[[projects]]
  name = "github.com/stretchr/testify"
  packages = ["assert"]
  revision = "f35b8ab0b5a2cef36673838d662e249dd9c94686"
  version = "v1.2.2"

[[projects]]
  name = "google.golang.org/appengine"
  packages = ["cloudsql"]
  revision = "b1f26356af11148e710935ed1ac8a7f5702c7612"
  version = "v1.1.0"

[solve-meta]
  analyzer-name = "dep"
  analyzer-version = 1
  inputs-digest = "356466433892643a1327fd5f9cdaddb4ed63ce9d8c8fc4ebee8f6aa0fa66b56a"
  solver-name = "gps-cdcl"
  solver-version = 1
